
Microsoft Visual Studio Solution File, Format Version 12.00
# Visual Studio Version 16
VisualStudioVersion = 16.0.29418.71
MinimumVisualStudioVersion = 10.0.40219.1
Project("{FAE04EC0-301F-11D3-BF4B-00C04F79EFBC}") = "Assign Week 9", "Assign Week 9.csproj", "{9B7D9E48-B0F5-443B-BACD-8A63DB7DD727}"
EndProject
Global
	GlobalSection(SolutionConfigurationPlatforms) = preSolution
		Debug|Any CPU = Debug|Any CPU
		Release|Any CPU = Release|Any CPU
	EndGlobalSection
	GlobalSection(ProjectConfigurationPlatforms) = postSolution
		{9B7D9E48-B0F5-443B-BACD-8A63DB7DD727}.Debug|Any CPU.ActiveCfg = Debug|Any CPU
		{9B7D9E48-B0F5-443B-BACD-8A63DB7DD727}.Debug|Any CPU.Build.0 = Debug|Any CPU
		{9B7D9E48-B0F5-443B-BACD-8A63DB7DD727}.Release|Any CPU.ActiveCfg = Release|Any CPU
		{9B7D9E48-B0F5-443B-BACD-8A63DB7DD727}.Release|Any CPU.Build.0 = Release|Any CPU
	EndGlobalSection
	GlobalSection(SolutionProperties) = preSolution
		HideSolutionNode = FALSE
	EndGlobalSection
	GlobalSection(ExtensibilityGlobals) = postSolution
		SolutionGuid = {B60249DD-BDD1-461B-86D1-A55473F91D4B}
	EndGlobalSection
EndGlobal
